<?xml version="1.0" encoding="UTF-8" standalone="yes" ?>
<CodeBlocks_project_file>
	<FileVersion major="1" minor="6" />
	<Project>
		<Option title="phraymd" />
		<Option pch_mode="2" />
		<Option compiler="gcc" />
		<Build>
			<Target title="run">
				<Option output="phraymd" prefix_auto="1" extension_auto="1" />
				<Option working_dir="" />
				<Option object_output="/home/damien/src/phraymd//.objs" />
				<Option type="1" />
				<Option compiler="gcc" />
				<Option host_application="bin/phraymd" />
				<Option run_host_application_in_terminal="0" />
				<Compiler>
					<Add option="-O2" />
				</Compiler>
				<Linker>
					<Add option="-s" />
				</Linker>
			</Target>
		</Build>
		<Compiler>
			<Add option="-Wall" />
		</Compiler>
		<Unit filename="INSTALL">
			<Option target="&lt;{~None~}&gt;" />
		</Unit>
		<Unit filename="README">
			<Option target="&lt;{~None~}&gt;" />
		</Unit>
		<Unit filename="TODO">
			<Option target="&lt;{~None~}&gt;" />
		</Unit>
		<Unit filename="bin/phraymd">
			<Option target="&lt;{~None~}&gt;" />
		</Unit>
		<Unit filename="bin/phraymd-file-server.py">
			<Option target="&lt;{~None~}&gt;" />
		</Unit>
		<Unit filename="bin/phraymd-import">
			<Option target="&lt;{~None~}&gt;" />
		</Unit>
		<Unit filename="bin/phraymd-open">
			<Option target="&lt;{~None~}&gt;" />
		</Unit>
		<Unit filename="container.py">
			<Option target="&lt;{~None~}&gt;" />
		</Unit>
		<Unit filename="design.txt">
			<Option target="&lt;{~None~}&gt;" />
		</Unit>
		<Unit filename="desktop/org.spillz.phraymd.service">
			<Option target="&lt;{~None~}&gt;" />
		</Unit>
		<Unit filename="desktop/phraymd-import.desktop">
			<Option target="&lt;{~None~}&gt;" />
		</Unit>
		<Unit filename="desktop/phraymd-open.desktop">
			<Option target="&lt;{~None~}&gt;" />
		</Unit>
		<Unit filename="desktop/phraymd.desktop">
			<Option target="&lt;{~None~}&gt;" />
		</Unit>
		<Unit filename="desktop/phraymd.png">
			<Option target="&lt;{~None~}&gt;" />
		</Unit>
		<Unit filename="icons/image-crop.svg">
			<Option target="&lt;{~None~}&gt;" />
		</Unit>
		<Unit filename="icons/image-rotate.svg">
			<Option target="&lt;{~None~}&gt;" />
		</Unit>
		<Unit filename="icons/import.svg">
			<Option target="&lt;{~None~}&gt;" />
		</Unit>
		<Unit filename="icons/license">
			<Option target="&lt;{~None~}&gt;" />
		</Unit>
		<Unit filename="icons/map.svg">
			<Option target="&lt;{~None~}&gt;" />
		</Unit>
		<Unit filename="icons/phraymd-5-polaroids.png">
			<Option target="&lt;{~None~}&gt;" />
		</Unit>
		<Unit filename="icons/phraymd-5-polaroids.svg">
			<Option target="&lt;{~None~}&gt;" />
		</Unit>
		<Unit filename="icons/phraymd-icons-yeKcim.svg">
			<Option target="&lt;{~None~}&gt;" />
		</Unit>
		<Unit filename="icons/phraymd-image-crop.png">
			<Option target="&lt;{~None~}&gt;" />
		</Unit>
		<Unit filename="icons/phraymd-image-rotate.png">
			<Option target="&lt;{~None~}&gt;" />
		</Unit>
		<Unit filename="icons/phraymd-image-write.png">
			<Option target="&lt;{~None~}&gt;" />
		</Unit>
		<Unit filename="icons/phraymd-map.png">
			<Option target="&lt;{~None~}&gt;" />
		</Unit>
		<Unit filename="icons/phraymd-polaroids-and-frame.png">
			<Option target="&lt;{~None~}&gt;" />
		</Unit>
		<Unit filename="icons/phraymd-polaroids-and-frame.svg">
			<Option target="&lt;{~None~}&gt;" />
		</Unit>
		<Unit filename="icons/phraymd-rotate-left.png">
			<Option target="&lt;{~None~}&gt;" />
		</Unit>
		<Unit filename="icons/phraymd-rotate-right.png">
			<Option target="&lt;{~None~}&gt;" />
		</Unit>
		<Unit filename="icons/phraymd-sidebar.png">
			<Option target="&lt;{~None~}&gt;" />
		</Unit>
		<Unit filename="icons/phraymd-transfer.png">
			<Option target="&lt;{~None~}&gt;" />
		</Unit>
		<Unit filename="icons/phraymd-web-upload.png">
			<Option target="&lt;{~None~}&gt;" />
		</Unit>
		<Unit filename="icons/rotate.svg">
			<Option target="&lt;{~None~}&gt;" />
		</Unit>
		<Unit filename="icons/save-metadata.svg">
			<Option target="&lt;{~None~}&gt;" />
		</Unit>
		<Unit filename="icons/sidebar.svg">
			<Option target="&lt;{~None~}&gt;" />
		</Unit>
		<Unit filename="icons/web-upload.svg">
			<Option target="&lt;{~None~}&gt;" />
		</Unit>
		<Unit filename="icons/write-image-alt.svg">
			<Option target="&lt;{~None~}&gt;" />
		</Unit>
		<Unit filename="icons/write-image.svg">
			<Option target="&lt;{~None~}&gt;" />
		</Unit>
		<Unit filename="modules/phraymd/__init__.py">
			<Option target="&lt;{~None~}&gt;" />
		</Unit>
		<Unit filename="modules/phraymd/backend.py">
			<Option target="&lt;{~None~}&gt;" />
		</Unit>
		<Unit filename="modules/phraymd/baseobjects.py">
			<Option target="&lt;{~None~}&gt;" />
		</Unit>
		<Unit filename="modules/phraymd/browser.py">
			<Option target="&lt;{~None~}&gt;" />
		</Unit>
		<Unit filename="modules/phraymd/collectionmanager.py">
			<Option target="&lt;{~None~}&gt;" />
		</Unit>
		<Unit filename="modules/phraymd/collectiontypes/__init__.py">
			<Option target="&lt;{~None~}&gt;" />
		</Unit>
		<Unit filename="modules/phraymd/collectiontypes/flickr.py">
			<Option target="&lt;{~None~}&gt;" />
		</Unit>
		<Unit filename="modules/phraymd/collectiontypes/localdir.py">
			<Option target="&lt;{~None~}&gt;" />
		</Unit>
		<Unit filename="modules/phraymd/collectiontypes/localstorebin.py">
			<Option target="&lt;{~None~}&gt;" />
		</Unit>
		<Unit filename="modules/phraymd/collectiontypes/localstoredb.py">
			<Option target="&lt;{~None~}&gt;" />
		</Unit>
		<Unit filename="modules/phraymd/collectiontypes/simpleview.py">
			<Option target="&lt;{~None~}&gt;" />
		</Unit>
		<Unit filename="modules/phraymd/dbusserver.py">
			<Option target="&lt;{~None~}&gt;" />
		</Unit>
		<Unit filename="modules/phraymd/dialogs.py">
			<Option target="&lt;{~None~}&gt;" />
		</Unit>
		<Unit filename="modules/phraymd/fileops.py">
			<Option target="&lt;{~None~}&gt;" />
		</Unit>
		<Unit filename="modules/phraymd/floats.py">
			<Option target="&lt;{~None~}&gt;" />
		</Unit>
		<Unit filename="modules/phraymd/imagemanip.py">
			<Option target="&lt;{~None~}&gt;" />
		</Unit>
		<Unit filename="modules/phraymd/images.py">
			<Option target="&lt;{~None~}&gt;" />
		</Unit>
		<Unit filename="modules/phraymd/io.py">
			<Option target="&lt;{~None~}&gt;" />
		</Unit>
		<Unit filename="modules/phraymd/legacy-plugins/webupload.py">
			<Option target="&lt;{~None~}&gt;" />
		</Unit>
		<Unit filename="modules/phraymd/legacy-plugins/webupload_services/__init__.py">
			<Option target="&lt;{~None~}&gt;" />
		</Unit>
		<Unit filename="modules/phraymd/legacy-plugins/webupload_services/flickr.py">
			<Option target="&lt;{~None~}&gt;" />
		</Unit>
		<Unit filename="modules/phraymd/legacy-plugins/webupload_services/picasaweb.py">
			<Option target="&lt;{~None~}&gt;" />
		</Unit>
		<Unit filename="modules/phraymd/legacy-plugins/webupload_services/serviceui.py">
			<Option target="&lt;{~None~}&gt;" />
		</Unit>
		<Unit filename="modules/phraymd/logger.py">
			<Option target="&lt;{~None~}&gt;" />
		</Unit>
		<Unit filename="modules/phraymd/mainframe.py">
			<Option target="&lt;{~None~}&gt;" />
		</Unit>
		<Unit filename="modules/phraymd/metadata.py">
			<Option target="&lt;{~None~}&gt;" />
		</Unit>
		<Unit filename="modules/phraymd/metadata1.py">
			<Option target="&lt;{~None~}&gt;" />
		</Unit>
		<Unit filename="modules/phraymd/metadata2.py">
			<Option target="&lt;{~None~}&gt;" />
		</Unit>
		<Unit filename="modules/phraymd/monitor.py">
			<Option target="&lt;{~None~}&gt;" />
		</Unit>
		<Unit filename="modules/phraymd/monitor2.py">
			<Option target="&lt;{~None~}&gt;" />
		</Unit>
		<Unit filename="modules/phraymd/overlaytools.py">
			<Option target="&lt;{~None~}&gt;" />
		</Unit>
		<Unit filename="modules/phraymd/pluginbase.py">
			<Option target="&lt;{~None~}&gt;" />
		</Unit>
		<Unit filename="modules/phraymd/pluginimporter.py">
			<Option target="&lt;{~None~}&gt;" />
		</Unit>
		<Unit filename="modules/phraymd/pluginmanager.py">
			<Option target="&lt;{~None~}&gt;" />
		</Unit>
		<Unit filename="modules/phraymd/plugins/__init__.py">
			<Option target="&lt;{~None~}&gt;" />
		</Unit>
		<Unit filename="modules/phraymd/plugins/config.py">
			<Option target="&lt;{~None~}&gt;" />
		</Unit>
		<Unit filename="modules/phraymd/plugins/crop.py">
			<Option target="&lt;{~None~}&gt;" />
		</Unit>
		<Unit filename="modules/phraymd/plugins/imagewriter.py">
			<Option target="&lt;{~None~}&gt;" />
		</Unit>
		<Unit filename="modules/phraymd/plugins/mapui.py">
			<Option target="&lt;{~None~}&gt;" />
		</Unit>
		<Unit filename="modules/phraymd/plugins/metadata_viewer.py">
			<Option target="&lt;{~None~}&gt;" />
		</Unit>
		<Unit filename="modules/phraymd/plugins/rotate.py">
			<Option target="&lt;{~None~}&gt;" />
		</Unit>
		<Unit filename="modules/phraymd/plugins/tagui.py">
			<Option target="&lt;{~None~}&gt;" />
		</Unit>
		<Unit filename="modules/phraymd/plugins/transfer.py">
			<Option target="&lt;{~None~}&gt;" />
		</Unit>
		<Unit filename="modules/phraymd/pyexiv2_alt.py">
			<Option target="&lt;{~None~}&gt;" />
		</Unit>
		<Unit filename="modules/phraymd/register_icons.py">
			<Option target="&lt;{~None~}&gt;" />
		</Unit>
		<Unit filename="modules/phraymd/searchbox.py">
			<Option target="&lt;{~None~}&gt;" />
		</Unit>
		<Unit filename="modules/phraymd/settings.py">
			<Option target="&lt;{~None~}&gt;" />
		</Unit>
		<Unit filename="modules/phraymd/simple_parser.py">
			<Option target="&lt;{~None~}&gt;" />
		</Unit>
		<Unit filename="modules/phraymd/viewer.py">
			<Option target="&lt;{~None~}&gt;" />
		</Unit>
		<Unit filename="modules/phraymd/viewsupport.py">
			<Option target="&lt;{~None~}&gt;" />
		</Unit>
		<Unit filename="modules/phraymd/widget_tools.py">
			<Option target="&lt;{~None~}&gt;" />
		</Unit>
		<Unit filename="modules/phraymd/widgetbuilder.py">
			<Option target="&lt;{~None~}&gt;" />
		</Unit>
		<Unit filename="scratch/collection_base_class.py">
			<Option target="&lt;{~None~}&gt;" />
		</Unit>
		<Unit filename="scratch/comboboxwrap.py">
			<Option target="&lt;{~None~}&gt;" />
		</Unit>
		<Unit filename="scratch/flickr-test.py">
			<Option target="&lt;{~None~}&gt;" />
		</Unit>
		<Unit filename="setup.py">
			<Option target="&lt;{~None~}&gt;" />
		</Unit>
		<Unit filename="utils/exif-tags">
			<Option target="&lt;{~None~}&gt;" />
		</Unit>
		<Unit filename="utils/iptc-tags">
			<Option target="&lt;{~None~}&gt;" />
		</Unit>
		<Unit filename="utils/metadata-viewer.py">
			<Option target="&lt;{~None~}&gt;" />
		</Unit>
		<Unit filename="utils/tag-test.py">
			<Option target="&lt;{~None~}&gt;" />
		</Unit>
		<Unit filename="utils/xmp-tags">
			<Option target="&lt;{~None~}&gt;" />
		</Unit>
		<Extensions>
			<code_completion />
			<envvars />
			<debugger />
			<lib_finder disable_auto="1" />
		</Extensions>
	</Project>
</CodeBlocks_project_file>
